
Microsoft Visual Studio Solution File, Format Version 12.00
# Visual Studio 15
VisualStudioVersion = 15.0.28307.1340
MinimumVisualStudioVersion = 10.0.40219.1
Project("{FAE04EC0-301F-11D3-BF4B-00C04F79EFBC}") = "Primatech.FiscalDriver", "Primatech.FiscalDriver\Primatech.FiscalDriver.csproj", "{020464D9-E3A2-4FC2-9E25-743C2FE13752}"
EndProject
Project("{FAE04EC0-301F-11D3-BF4B-00C04F79EFBC}") = "Primatech.FiscalModels", "Primatech.FiscalModels\Primatech.FiscalModels.csproj", "{B6EAB0B6-0185-4A49-ABF3-1C98467F0EC1}"
EndProject
Project("{FAE04EC0-301F-11D3-BF4B-00C04F79EFBC}") = "Primatech.FiscalDriver.WinFormsUI", "Primatech.FiscalDriver.WinFormsUI\Primatech.FiscalDriver.WinFormsUI.csproj", "{D642F32F-E849-4BBB-B267-45C22C3256B0}"
EndProject
Global
	GlobalSection(SolutionConfigurationPlatforms) = preSolution
		Debug|Any CPU = Debug|Any CPU
		Release|Any CPU = Release|Any CPU
	EndGlobalSection
	GlobalSection(ProjectConfigurationPlatforms) = postSolution
		{020464D9-E3A2-4FC2-9E25-743C2FE13752}.Debug|Any CPU.ActiveCfg = Debug|Any CPU
		{020464D9-E3A2-4FC2-9E25-743C2FE13752}.Debug|Any CPU.Build.0 = Debug|Any CPU
		{020464D9-E3A2-4FC2-9E25-743C2FE13752}.Release|Any CPU.ActiveCfg = Release|Any CPU
		{020464D9-E3A2-4FC2-9E25-743C2FE13752}.Release|Any CPU.Build.0 = Release|Any CPU
		{B6EAB0B6-0185-4A49-ABF3-1C98467F0EC1}.Debug|Any CPU.ActiveCfg = Debug|Any CPU
		{B6EAB0B6-0185-4A49-ABF3-1C98467F0EC1}.Debug|Any CPU.Build.0 = Debug|Any CPU
		{B6EAB0B6-0185-4A49-ABF3-1C98467F0EC1}.Release|Any CPU.ActiveCfg = Release|Any CPU
		{B6EAB0B6-0185-4A49-ABF3-1C98467F0EC1}.Release|Any CPU.Build.0 = Release|Any CPU
		{D642F32F-E849-4BBB-B267-45C22C3256B0}.Debug|Any CPU.ActiveCfg = Debug|Any CPU
		{D642F32F-E849-4BBB-B267-45C22C3256B0}.Debug|Any CPU.Build.0 = Debug|Any CPU
		{D642F32F-E849-4BBB-B267-45C22C3256B0}.Release|Any CPU.ActiveCfg = Release|Any CPU
		{D642F32F-E849-4BBB-B267-45C22C3256B0}.Release|Any CPU.Build.0 = Release|Any CPU
	EndGlobalSection
	GlobalSection(SolutionProperties) = preSolution
		HideSolutionNode = FALSE
	EndGlobalSection
	GlobalSection(ExtensibilityGlobals) = postSolution
		SolutionGuid = {7E5C6807-7D6C-4BEE-8BD8-CFC996D6765D}
	EndGlobalSection
EndGlobal
